github.com/bwmarrin/dgvoice v0.0.0-20210225172318-caaac756e02e h1:IdfGDWLNL/ZAHda33oiKnkoaWWsQ6vyO+MDslrcJ43M=
github.com/bwmarrin/dgvoice v0.0.0-20210225172318-caaac756e02e/go.mod h1:DT3heoMAQGrOExZ3Rb3TBOQ4Bm+wD4H48KFnt1YfLoQ=
github.com/bwmarrin/discordgo v0.23.2 h1:BzrtTktixGHIu9Tt7dEE6diysEF9HWnXeHuoJEt2fH4=
github.com/bwmarrin/discordgo v0.23.2/go.mod h1:c1WtWUGN6nREDmzIpyTp/iD3VYt4Fpx+bVyfBG7JE+M=
github.com/gorilla/websocket v1.4.0 h1:WDFjx/TMzVgy9VdMMQi2K2Emtwi2QcUQsztZ/zLaH/Q=
github.com/gorilla/websocket v1.4.0/go.mod h1:E7qHFY5m1UJ88s3WnNqhKjPHQ0heANvMoAMk2YaljkQ=
github.com/gyuho/goling v0.0.0-20171001060826-315982eabee9 h1:gsasfLUn+ZR/WlEnytXrpKoqBeueADkMGipv7lFe46A=
github.com/gyuho/goling v0.0.0-20171001060826-315982eabee9/go.mod h1:Q7azsgnFXBIIGXvqzQrBklCbNuPFSjN/O1BYtB/XQOo=
github.com/lib/pq v1.10.2 h1:AqzbZs4ZoCBp+GtejcpCpcxM3zlSMx29dXbUSeVtJb8=
github.com/lib/pq v1.10.2/go.mod h1:AlVN5x4E4T544tWzH6hKfbfQvm3HdbOxrmggDNAPY9o=
github.com/nfnt/resize v0.0.0-20180221191011-83c6a9932646 h1:zYyBkD/k9seD2A7fsi6Oo2LfFZAehjjQMERAvZLEDnQ=
github.com/nfnt/resize v0.0.0-20180221191011-83c6a9932646/go.mod h1:jpp1/29i3P1S/RLdc7JQKbRpFeM1dOBd8T9ki5s+AY8=
github.com/satori/go.uuid v1.2.0 h1:0uYX9dsZ2yD7q2RtLRtPSdGDWzjeM3TbMJP9utgA0ww=
github.com/satori/go.uuid v1.2.0/go.mod h1:dA0hQrYB0VpLJoorglMZABFdXlWrHn1NEOzdhQKdks0=
golang.org/x/crypto v0.0.0-20181030102418-4d3f4d9ffa16 h1:y6ce7gCWtnH+m3dCjzQ1PCuwl28DDIc3VNnvY29DlIA=
golang.org/x/crypto v0.0.0-20181030102418-4d3f4d9ffa16/go.mod h1:6SG95UA2DQfeDnfUPMdvaQW0Q7yPrPDi9nlGo2tz2b4=
layeh.com/gopus v0.0.0-20210501142526-1ee02d434e32 h1:/S1gOotFo2sADAIdSGk1sDq1VxetoCWr6f5nxOG0dpY=
layeh.com/gopus v0.0.0-20210501142526-1ee02d434e32/go.mod h1:yDtyzWZDFCVnva8NGtg38eH2Ns4J0D/6hD+MMeUGdF0=
