# This file is autogenerated, do not edit; changes may be undone by the next 'dep ensure'.


[[projects]]
  branch = "master"
  digest = "1:3537775a877a5788cf3b904396d93a9432de305a91062505b00054fae8f99b2b"
  name = "github.com/bwmarrin/dgvoice"
  packages = ["."]
  pruneopts = ""
  revision = "3c939eca8b2f42c3c8cdaf3444ec4c0223d1d1df"

[[projects]]
  digest = "1:9737b44df1559a6fd03112ba307a5f2b54c76132d5965779e3730fe5c6a15ed5"
  name = "github.com/bwmarrin/discordgo"
  packages = ["."]
  pruneopts = ""
  revision = "dd99dea7adba674baa401e52362d6e330b50acf8"
  version = "v0.20.1"

[[projects]]
  digest = "1:64d212c703a2b94054be0ce470303286b177ad260b2f89a307e3d1bb6c073ef6"
  name = "github.com/gorilla/websocket"
  packages = ["."]
  pruneopts = ""
  revision = "ea4d1f681babbce9545c9c5f3d5194a789c89f5b"
  version = "v1.2.0"

[[projects]]
  branch = "master"
  digest = "1:eb366d8334807c9c0ce8f1e9fe517ba2e3030990a8b2896f1a5f7a172b93e0dd"
  name = "github.com/gyuho/goling"
  packages = ["similar"]
  pruneopts = ""
  revision = "315982eabee9f9171138b629a5d02e2943a26a75"

[[projects]]
  branch = "master"
  digest = "1:d724d8f68ff551065e0335b21642361e224cee973c242bf70683e487291a613e"
  name = "github.com/lib/pq"
  packages = [
    ".",
    "oid",
  ]
  pruneopts = ""
  revision = "88edab0803230a3898347e77b474f8c1820a1f20"

[[projects]]
  branch = "master"
  digest = "1:088f61f6fd284c2dd680a95bda8c84160cfee3b7958aa688469f52702eae2a73"
  name = "github.com/nfnt/resize"
  packages = ["."]
  pruneopts = ""
  revision = "83c6a9932646f83e3267f353373d47347b6036b2"

[[projects]]
  digest = "1:7f569d906bdd20d906b606415b7d794f798f91a62fcfb6a4daa6d50690fb7a3f"
  name = "github.com/satori/go.uuid"
  packages = ["."]
  pruneopts = ""
  revision = "f58768cc1a7a7e77a3bd49e98cdd21419399b6a3"
  version = "v1.2.0"

[[projects]]
  branch = "master"
  digest = "1:1ccea9d6e0a782e7472448a706445650b2ec8e301137d9fd69e7f080e1bc0cdd"
  name = "golang.org/x/crypto"
  packages = [
    "nacl/secretbox",
    "poly1305",
    "salsa20/salsa",
  ]
  pruneopts = ""
  revision = "c4a91bd4f524f10d064139674cf55852e055ad01"

[[projects]]
  branch = "master"
  digest = "1:e62a8b783b78a1d166f7667e4577a446f2a6898b7e68d03fdb4f6f3e35447a68"
  name = "golang.org/x/net"
  packages = [
    "html",
    "html/atom",
  ]
  pruneopts = ""
  revision = "892bf7b0c6e2f93b51166bf3882e50277fa5afc6"

[[projects]]
  branch = "master"
  digest = "1:fbe239a411358e541d689760aa30229789005341b51ae8db1905d92c491a88dc"
  name = "layeh.com/gopus"
  packages = ["."]
  pruneopts = ""
  revision = "0ebf989153aa016ef5e77141b08c48e48a79312e"

[solve-meta]
  analyzer-name = "dep"
  analyzer-version = 1
  input-imports = [
    "github.com/bwmarrin/dgvoice",
    "github.com/bwmarrin/discordgo",
    "github.com/gyuho/goling/similar",
    "github.com/lib/pq",
    "github.com/nfnt/resize",
    "github.com/satori/go.uuid",
    "golang.org/x/net/html",
    "golang.org/x/net/html/atom",
  ]
  solver-name = "gps-cdcl"
  solver-version = 1
